github.com/pkg/errors v0.9.1 h1:FEBLx1zS214owpjy7qsBeixbURkuhQAwrK5UwLGTwt4=
github.com/pkg/errors v0.9.1/go.mod h1:bwawxfHBFNV+L2hUp1rHADufV3IMtnDRdf1r5NINEl0=
github.com/sun8911879/qqtea v0.0.0-20160905050726-b45fa86c67ba h1:hg3JPhibuutLN+UCkbi5aYfnWeZ0LPbgEdEKTOPUNYg=
github.com/sun8911879/qqtea v0.0.0-20160905050726-b45fa86c67ba/go.mod h1:utMcg3puj6a6bUMa2rrFOZdXqwUjORWiZxQgJlqCRuc=
